// !$*UTF8*$!
{
	archiveVersion = 1;
	classes = {
	};
	objectVersion = 77;
	objects = {

/* Begin PBXContainerItemProxy section */
		E5F6A2E72CBA5A4600F126F9 /* PBXContainerItemProxy */ = {
			isa = PBXContainerItemProxy;
			containerPortal = E5F6A2C82CBA5A4400F126F9 /* Project object */;
			proxyType = 1;
			remoteGlobalIDString = E5F6A2CF2CBA5A4400F126F9;
			remoteInfo = 1A2B;
		};
		E5F6A2F12CBA5A4600F126F9 /* PBXContainerItemProxy */ = {
			isa = PBXContainerItemProxy;
			containerPortal = E5F6A2C82CBA5A4400F126F9 /* Project object */;
			proxyType = 1;
			remoteGlobalIDString = E5F6A2CF2CBA5A4400F126F9;
			remoteInfo = 1A2B;
		};
/* End PBXContainerItemProxy section */

/* Begin PBXFileReference section */
		E5F6A2D02CBA5A4400F126F9 /* 1A2B.app */ = {isa = PBXFileReference; explicitFileType = wrapper.application; includeInIndex = 0; path = 1A2B.app; sourceTree = BUILT_PRODUCTS_DIR; };
		E5F6A2E62CBA5A4600F126F9 /* 1A2BTests.xctest */ = {isa = PBXFileReference; explicitFileType = wrapper.cfbundle; includeInIndex = 0; path = 1A2BTests.xctest; sourceTree = BUILT_PRODUCTS_DIR; };
		E5F6A2F02CBA5A4600F126F9 /* 1A2BUITests.xctest */ = {isa = PBXFileReference; explicitFileType = wrapper.cfbundle; includeInIndex = 0; path = 1A2BUITests.xctest; sourceTree = BUILT_PRODUCTS_DIR; };
/* End PBXFileReference section */

/* Begin PBXFileSystemSynchronizedBuildFileExceptionSet section */
		E5F6A2F82CBA5A4600F126F9 /* Exceptions for "1A2B" folder in "1A2B" target */ = {
			isa = PBXFileSystemSynchronizedBuildFileExceptionSet;
			membershipExceptions = (
				Info.plist,
			);
			target = E5F6A2CF2CBA5A4400F126F9 /* 1A2B */;
		};
/* End PBXFileSystemSynchronizedBuildFileExceptionSet section */

/* Begin PBXFileSystemSynchronizedRootGroup section */
		E5F6A2D22CBA5A4400F126F9 /* 1A2B */ = {
			isa = PBXFileSystemSynchronizedRootGroup;
			exceptions = (
				E5F6A2F82CBA5A4600F126F9 /* Exceptions for "1A2B" folder in "1A2B" target */,
			);
			path = 1A2B;
			sourceTree = "<group>";
		};
		E5F6A2E92CBA5A4600F126F9 /* 1A2BTests */ = {
			isa = PBXFileSystemSynchronizedRootGroup;
			path = 1A2BTests;
			sourceTree = "<group>";
		};
		E5F6A2F32CBA5A4600F126F9 /* 1A2BUITests */ = {
			isa = PBXFileSystemSynchronizedRootGroup;
			path = 1A2BUITests;
			sourceTree = "<group>";
		};
/* End PBXFileSystemSynchronizedRootGroup section */

/* Begin PBXFrameworksBuildPhase section */
		E5F6A2CD2CBA5A4400F126F9 /* Frameworks */ = {
			isa = PBXFrameworksBuildPhase;
			buildActionMask = 2147483647;
			files = (
			);
			runOnlyForDeploymentPostprocessing = 0;
		};
		E5F6A2E32CBA5A4600F126F9 /* Frameworks */ = {
			isa = PBXFrameworksBuildPhase;
			buildActionMask = 2147483647;
			files = (
			);
			runOnlyForDeploymentPostprocessing = 0;
		};
		E5F6A2ED2CBA5A4600F126F9 /* Frameworks */ = {
			isa = PBXFrameworksBuildPhase;
			buildActionMask = 2147483647;
			files = (
			);
			runOnlyForDeploymentPostprocessing = 0;
		};
/* End PBXFrameworksBuildPhase section */

/* Begin PBXGroup section */
		E5F6A2C72CBA5A4400F126F9 = {
			isa = PBXGroup;
			children = (
				E5F6A2D22CBA5A4400F126F9 /* 1A2B */,
				E5F6A2E92CBA5A4600F126F9 /* 1A2BTests */,
				E5F6A2F32CBA5A4600F126F9 /* 1A2BUITests */,
				E5F6A2D12CBA5A4400F126F9 /* Products */,
			);
			sourceTree = "<group>";
		};
		E5F6A2D12CBA5A4400F126F9 /* Products */ = {
			isa = PBXGroup;
			children = (
				E5F6A2D02CBA5A4400F126F9 /* 1A2B.app */,
				E5F6A2E62CBA5A4600F126F9 /* 1A2BTests.xctest */,
				E5F6A2F02CBA5A4600F126F9 /* 1A2BUITests.xctest */,
			);
			name = Products;
			sourceTree = "<group>";
		};
/* End PBXGroup section */

/* Begin PBXNativeTarget section */
		E5F6A2CF2CBA5A4400F126F9 /* 1A2B */ = {
			isa = PBXNativeTarget;
			buildConfigurationList = E5F6A2F92CBA5A4600F126F9 /* Build configuration list for PBXNativeTarget "1A2B" */;
			buildPhases = (
				E5F6A2CC2CBA5A4400F126F9 /* Sources */,
				E5F6A2CD2CBA5A4400F126F9 /* Frameworks */,
				E5F6A2CE2CBA5A4400F126F9 /* Resources */,
			);
			buildRules = (
			);
			dependencies = (
			);
			fileSystemSynchronizedGroups = (
				E5F6A2D22CBA5A4400F126F9 /* 1A2B */,
			);
			name = 1A2B;
			packageProductDependencies = (
			);
			productName = 1A2B;
			productReference = E5F6A2D02CBA5A4400F126F9 /* 1A2B.app */;
			productType = "com.apple.product-type.application";
		};
		E5F6A2E52CBA5A4600F126F9 /* 1A2BTests */ = {
			isa = PBXNativeTarget;
			buildConfigurationList = E5F6A2FE2CBA5A4600F126F9 /* Build configuration list for PBXNativeTarget "1A2BTests" */;
			buildPhases = (
				E5F6A2E22CBA5A4600F126F9 /* Sources */,
				E5F6A2E32CBA5A4600F126F9 /* Frameworks */,
				E5F6A2E42CBA5A4600F126F9 /* Resources */,
			);
			buildRules = (
			);
			dependencies = (
				E5F6A2E82CBA5A4600F126F9 /* PBXTargetDependency */,
			);
			fileSystemSynchronizedGroups = (
				E5F6A2E92CBA5A4600F126F9 /* 1A2BTests */,
			);
			name = 1A2BTests;
			packageProductDependencies = (
			);
			productName = 1A2BTests;
			productReference = E5F6A2E62CBA5A4600F126F9 /* 1A2BTests.xctest */;
			productType = "com.apple.product-type.bundle.unit-test";
		};
		E5F6A2EF2CBA5A4600F126F9 /* 1A2BUITests */ = {
			isa = PBXNativeTarget;
			buildConfigurationList = E5F6A3012CBA5A4600F126F9 /* Build configuration list for PBXNativeTarget "1A2BUITests" */;
			buildPhases = (
				E5F6A2EC2CBA5A4600F126F9 /* Sources */,
				E5F6A2ED2CBA5A4600F126F9 /* Frameworks */,
				E5F6A2EE2CBA5A4600F126F9 /* Resources */,
			);
			buildRules = (
			);
			dependencies = (
				E5F6A2F22CBA5A4600F126F9 /* PBXTargetDependency */,
			);
			fileSystemSynchronizedGroups = (
				E5F6A2F32CBA5A4600F126F9 /* 1A2BUITests */,
			);
			name = 1A2BUITests;
			packageProductDependencies = (
			);
			productName = 1A2BUITests;
			productReference = E5F6A2F02CBA5A4600F126F9 /* 1A2BUITests.xctest */;
			productType = "com.apple.product-type.bundle.ui-testing";
		};
/* End PBXNativeTarget section */

/* Begin PBXProject section */
		E5F6A2C82CBA5A4400F126F9 /* Project object */ = {
			isa = PBXProject;
			attributes = {
				BuildIndependentTargetsInParallel = 1;
				LastSwiftUpdateCheck = 1600;
				LastUpgradeCheck = 1600;
				TargetAttributes = {
					E5F6A2CF2CBA5A4400F126F9 = {
						CreatedOnToolsVersion = 16.0;
					};
					E5F6A2E52CBA5A4600F126F9 = {
						CreatedOnToolsVersion = 16.0;
						TestTargetID = E5F6A2CF2CBA5A4400F126F9;
					};
					E5F6A2EF2CBA5A4600F126F9 = {
						CreatedOnToolsVersion = 16.0;
						TestTargetID = E5F6A2CF2CBA5A4400F126F9;
					};
				};
			};
			buildConfigurationList = E5F6A2CB2CBA5A4400F126F9 /* Build configuration list for PBXProject "1A2B" */;
			developmentRegion = en;
			hasScannedForEncodings = 0;
			knownRegions = (
				en,
				Base,
			);
			mainGroup = E5F6A2C72CBA5A4400F126F9;
			minimizedProjectReferenceProxies = 1;
			preferredProjectObjectVersion = 77;
			productRefGroup = E5F6A2D12CBA5A4400F126F9 /* Products */;
			projectDirPath = "";
			projectRoot = "";
			targets = (
				E5F6A2CF2CBA5A4400F126F9 /* 1A2B */,
				E5F6A2E52CBA5A4600F126F9 /* 1A2BTests */,
				E5F6A2EF2CBA5A4600F126F9 /* 1A2BUITests */,
			);
		};
/* End PBXProject section */

/* Begin PBXResourcesBuildPhase section */
		E5F6A2CE2CBA5A4400F126F9 /* Resources */ = {
			isa = PBXResourcesBuildPhase;
			buildActionMask = 2147483647;
			files = (
			);
			runOnlyForDeploymentPostprocessing = 0;
		};
		E5F6A2E42CBA5A4600F126F9 /* Resources */ = {
			isa = PBXResourcesBuildPhase;
			buildActionMask = 2147483647;
			files = (
			);
			runOnlyForDeploymentPostprocessing = 0;
		};
		E5F6A2EE2CBA5A4600F126F9 /* Resources */ = {
			isa = PBXResourcesBuildPhase;
			buildActionMask = 2147483647;
			files = (
			);
			runOnlyForDeploymentPostprocessing = 0;
		};
/* End PBXResourcesBuildPhase section */

/* Begin PBXSourcesBuildPhase section */
		E5F6A2CC2CBA5A4400F126F9 /* Sources */ = {
			isa = PBXSourcesBuildPhase;
			buildActionMask = 2147483647;
			files = (
			);
			runOnlyForDeploymentPostprocessing = 0;
		};
		E5F6A2E22CBA5A4600F126F9 /* Sources */ = {
			isa = PBXSourcesBuildPhase;
			buildActionMask = 2147483647;
			files = (
			);
			runOnlyForDeploymentPostprocessing = 0;
		};
		E5F6A2EC2CBA5A4600F126F9 /* Sources */ = {
			isa = PBXSourcesBuildPhase;
			buildActionMask = 2147483647;
			files = (
			);
			runOnlyForDeploymentPostprocessing = 0;
		};
/* End PBXSourcesBuildPhase section */

/* Begin PBXTargetDependency section */
		E5F6A2E82CBA5A4600F126F9 /* PBXTargetDependency */ = {
			isa = PBXTargetDependency;
			target = E5F6A2CF2CBA5A4400F126F9 /* 1A2B */;
			targetProxy = E5F6A2E72CBA5A4600F126F9 /* PBXContainerItemProxy */;
		};
		E5F6A2F22CBA5A4600F126F9 /* PBXTargetDependency */ = {
			isa = PBXTargetDependency;
			target = E5F6A2CF2CBA5A4400F126F9 /* 1A2B */;
			targetProxy = E5F6A2F12CBA5A4600F126F9 /* PBXContainerItemProxy */;
		};
/* End PBXTargetDependency section */

/* Begin XCBuildConfiguration section */
		E5F6A2FA2CBA5A4600F126F9 /* Debug */ = {
			isa = XCBuildConfiguration;
			buildSettings = {
				ASSETCATALOG_COMPILER_APPICON_NAME = AppIcon;
				ASSETCATALOG_COMPILER_GLOBAL_ACCENT_COLOR_NAME = AccentColor;
				CODE_SIGN_STYLE = Automatic;
				CURRENT_PROJECT_VERSION = 1;
				GENERATE_INFOPLIST_FILE = YES;
				INFOPLIST_FILE = 1A2B/Info.plist;
				INFOPLIST_KEY_UIApplicationSupportsIndirectInputEvents = YES;
				INFOPLIST_KEY_UILaunchStoryboardName = LaunchScreen;
				INFOPLIST_KEY_UIMainStoryboardFile = Main;
				INFOPLIST_KEY_UISupportedInterfaceOrientations_iPad = "UIInterfaceOrientationPortrait UIInterfaceOrientationPortraitUpsideDown UIInterfaceOrientationLandscapeLeft UIInterfaceOrientationLandscapeRight";
				INFOPLIST_KEY_UISupportedInterfaceOrientations_iPhone = "UIInterfaceOrientationPortrait UIInterfaceOrientationLandscapeLeft UIInterfaceOrientationLandscapeRight";
				LD_RUNPATH_SEARCH_PATHS = (
					"$(inherited)",
					"@executable_path/Frameworks",
				);
				MARKETING_VERSION = 1.0;
				PRODUCT_BUNDLE_IDENTIFIER = "com.tong.-A2B";
				PRODUCT_NAME = "$(TARGET_NAME)";
				SWIFT_EMIT_LOC_STRINGS = YES;
				SWIFT_VERSION = 5.0;
				TARGETED_DEVICE_FAMILY = "1,2";
			};
			name = Debug;
		};
		E5F6A2FB2CBA5A4600F126F9 /* Release */ = {
			isa = XCBuildConfiguration;
			buildSettings = {
				ASSETCATALOG_COMPILER_APPICON_NAME = AppIcon;
				ASSETCATALOG_COMPILER_GLOBAL_ACCENT_COLOR_NAME = AccentColor;
				CODE_SIGN_STYLE = Automatic;
				CURRENT_PROJECT_VERSION = 1;
				GENERATE_INFOPLIST_FILE = YES;
				INFOPLIST_FILE = 1A2B/Info.plist;
				INFOPLIST_KEY_UIApplicationSupportsIndirectInputEvents = YES;
				INFOPLIST_KEY_UILaunchStoryboardName = LaunchScreen;
				INFOPLIST_KEY_UIMainStoryboardFile = Main;
				INFOPLIST_KEY_UISupportedInterfaceOrientations_iPad = "UIInterfaceOrientationPortrait UIInterfaceOrientationPortraitUpsideDown UIInterfaceOrientationLandscapeLeft UIInterfaceOrientationLandscapeRight";
				INFOPLIST_KEY_UISupportedInterfaceOrientations_iPhone = "UIInterfaceOrientationPortrait UIInterfaceOrientationLandscapeLeft UIInterfaceOrientationLandscapeRight";
				LD_RUNPATH_SEARCH_PATHS = (
					"$(inherited)",
					"@executable_path/Frameworks",
				);
				MARKETING_VERSION = 1.0;
				PRODUCT_BUNDLE_IDENTIFIER = "com.tong.-A2B";
				PRODUCT_NAME = "$(TARGET_NAME)";
				SWIFT_EMIT_LOC_STRINGS = YES;
				SWIFT_VERSION = 5.0;
				TARGETED_DEVICE_FAMILY = "1,2";
			};
			name = Release;
		};
		E5F6A2FC2CBA5A4600F126F9 /* Debug */ = {
			isa = XCBuildConfiguration;
			buildSettings = {
				ALWAYS_SEARCH_USER_PATHS = NO;
				ASSETCATALOG_COMPILER_GENERATE_SWIFT_ASSET_SYMBOL_EXTENSIONS = YES;
				CLANG_ANALYZER_NONNULL = YES;
				CLANG_ANALYZER_NUMBER_OBJECT_CONVERSION = YES_AGGRESSIVE;
				CLANG_CXX_LANGUAGE_STANDARD = "gnu++20";
				CLANG_ENABLE_MODULES = YES;
				CLANG_ENABLE_OBJC_ARC = YES;
				CLANG_ENABLE_OBJC_WEAK = YES;
				CLANG_WARN_BLOCK_CAPTURE_AUTORELEASING = YES;
				CLANG_WARN_BOOL_CONVERSION = YES;
				CLANG_WARN_COMMA = YES;
				CLANG_WARN_CONSTANT_CONVERSION = YES;
				CLANG_WARN_DEPRECATED_OBJC_IMPLEMENTATIONS = YES;
				CLANG_WARN_DIRECT_OBJC_ISA_USAGE = YES_ERROR;
				CLANG_WARN_DOCUMENTATION_COMMENTS = YES;
				CLANG_WARN_EMPTY_BODY = YES;
				CLANG_WARN_ENUM_CONVERSION = YES;
				CLANG_WARN_INFINITE_RECURSION = YES;
				CLANG_WARN_INT_CONVERSION = YES;
				CLANG_WARN_NON_LITERAL_NULL_CONVERSION = YES;
				CLANG_WARN_OBJC_IMPLICIT_RETAIN_SELF = YES;
				CLANG_WARN_OBJC_LITERAL_CONVERSION = YES;
				CLANG_WARN_OBJC_ROOT_CLASS = YES_ERROR;
				CLANG_WARN_QUOTED_INCLUDE_IN_FRAMEWORK_HEADER = YES;
				CLANG_WARN_RANGE_LOOP_ANALYSIS = YES;
				CLANG_WARN_STRICT_PROTOTYPES = YES;
				CLANG_WARN_SUSPICIOUS_MOVE = YES;
				CLANG_WARN_UNGUARDED_AVAILABILITY = YES_AGGRESSIVE;
				CLANG_WARN_UNREACHABLE_CODE = YES;
				CLANG_WARN__DUPLICATE_METHOD_MATCH = YES;
				COPY_PHASE_STRIP = NO;
				DEBUG_INFORMATION_FORMAT = dwarf;
				ENABLE_STRICT_OBJC_MSGSEND = YES;
				ENABLE_TESTABILITY = YES;
				ENABLE_USER_SCRIPT_SANDBOXING = YES;
				GCC_C_LANGUAGE_STANDARD = gnu17;
				GCC_DYNAMIC_NO_PIC = NO;
				GCC_NO_COMMON_BLOCKS = YES;
				GCC_OPTIMIZATION_LEVEL = 0;
				GCC_PREPROCESSOR_DEFINITIONS = (
					"DEBUG=1",
					"$(inherited)",
				);
				GCC_WARN_64_TO_32_BIT_CONVERSION = YES;
				GCC_WARN_ABOUT_RETURN_TYPE = YES_ERROR;
				GCC_WARN_UNDECLARED_SELECTOR = YES;
				GCC_WARN_UNINITIALIZED_AUTOS = YES_AGGRESSIVE;
				GCC_WARN_UNUSED_FUNCTION = YES;
				GCC_WARN_UNUSED_VARIABLE = YES;
				IPHONEOS_DEPLOYMENT_TARGET = 18.0;
				LOCALIZATION_PREFERS_STRING_CATALOGS = YES;
				MTL_ENABLE_DEBUG_INFO = INCLUDE_SOURCE;
				MTL_FAST_MATH = YES;
				ONLY_ACTIVE_ARCH = YES;
				SDKROOT = iphoneos;
				SWIFT_ACTIVE_COMPILATION_CONDITIONS = "DEBUG $(inherited)";
				SWIFT_OPTIMIZATION_LEVEL = "-Onone";
			};
			name = Debug;
		};
		E5F6A2FD2CBA5A4600F126F9 /* Release */ = {
			isa = XCBuildConfiguration;
			buildSettings = {
				ALWAYS_SEARCH_USER_PATHS = NO;
				ASSETCATALOG_COMPILER_GENERATE_SWIFT_ASSET_SYMBOL_EXTENSIONS = YES;
				CLANG_ANALYZER_NONNULL = YES;
				CLANG_ANALYZER_NUMBER_OBJECT_CONVERSION = YES_AGGRESSIVE;
				CLANG_CXX_LANGUAGE_STANDARD = "gnu++20";
				CLANG_ENABLE_MODULES = YES;
				CLANG_ENABLE_OBJC_ARC = YES;
				CLANG_ENABLE_OBJC_WEAK = YES;
				CLANG_WARN_BLOCK_CAPTURE_AUTORELEASING = YES;
				CLANG_WARN_BOOL_CONVERSION = YES;
				CLANG_WARN_COMMA = YES;
				CLANG_WARN_CONSTANT_CONVERSION = YES;
				CLANG_WARN_DEPRECATED_OBJC_IMPLEMENTATIONS = YES;
				CLANG_WARN_DIRECT_OBJC_ISA_USAGE = YES_ERROR;
				CLANG_WARN_DOCUMENTATION_COMMENTS = YES;
				CLANG_WARN_EMPTY_BODY = YES;
				CLANG_WARN_ENUM_CONVERSION = YES;
				CLANG_WARN_INFINITE_RECURSION = YES;
				CLANG_WARN_INT_CONVERSION = YES;
				CLANG_WARN_NON_LITERAL_NULL_CONVERSION = YES;
				CLANG_WARN_OBJC_IMPLICIT_RETAIN_SELF = YES;
				CLANG_WARN_OBJC_LITERAL_CONVERSION = YES;
				CLANG_WARN_OBJC_ROOT_CLASS = YES_ERROR;
				CLANG_WARN_QUOTED_INCLUDE_IN_FRAMEWORK_HEADER = YES;
				CLANG_WARN_RANGE_LOOP_ANALYSIS = YES;
				CLANG_WARN_STRICT_PROTOTYPES = YES;
				CLANG_WARN_SUSPICIOUS_MOVE = YES;
				CLANG_WARN_UNGUARDED_AVAILABILITY = YES_AGGRESSIVE;
				CLANG_WARN_UNREACHABLE_CODE = YES;
				CLANG_WARN__DUPLICATE_METHOD_MATCH = YES;
				COPY_PHASE_STRIP = NO;
				DEBUG_INFORMATION_FORMAT = "dwarf-with-dsym";
				ENABLE_NS_ASSERTIONS = NO;
				ENABLE_STRICT_OBJC_MSGSEND = YES;
				ENABLE_USER_SCRIPT_SANDBOXING = YES;
				GCC_C_LANGUAGE_STANDARD = gnu17;
				GCC_NO_COMMON_BLOCKS = YES;
				GCC_WARN_64_TO_32_BIT_CONVERSION = YES;
				GCC_WARN_ABOUT_RETURN_TYPE = YES_ERROR;
				GCC_WARN_UNDECLARED_SELECTOR = YES;
				GCC_WARN_UNINITIALIZED_AUTOS = YES_AGGRESSIVE;
				GCC_WARN_UNUSED_FUNCTION = YES;
				GCC_WARN_UNUSED_VARIABLE = YES;
				IPHONEOS_DEPLOYMENT_TARGET = 18.0;
				LOCALIZATION_PREFERS_STRING_CATALOGS = YES;
				MTL_ENABLE_DEBUG_INFO = NO;
				MTL_FAST_MATH = YES;
				SDKROOT = iphoneos;
				SWIFT_COMPILATION_MODE = wholemodule;
				VALIDATE_PRODUCT = YES;
			};
			name = Release;
		};
		E5F6A2FF2CBA5A4600F126F9 /* Debug */ = {
			isa = XCBuildConfiguration;
			buildSettings = {
				BUNDLE_LOADER = "$(TEST_HOST)";
				CODE_SIGN_STYLE = Automatic;
				CURRENT_PROJECT_VERSION = 1;
				GENERATE_INFOPLIST_FILE = YES;
				IPHONEOS_DEPLOYMENT_TARGET = 18.0;
				MARKETING_VERSION = 1.0;
				PRODUCT_BUNDLE_IDENTIFIER = "com.tong.-A2BTests";
				PRODUCT_NAME = "$(TARGET_NAME)";
				SWIFT_EMIT_LOC_STRINGS = NO;
				SWIFT_VERSION = 5.0;
				TARGETED_DEVICE_FAMILY = "1,2";
				TEST_HOST = "$(BUILT_PRODUCTS_DIR)/1A2B.app/$(BUNDLE_EXECUTABLE_FOLDER_PATH)/1A2B";
			};
			name = Debug;
		};
		E5F6A3002CBA5A4600F126F9 /* Release */ = {
			isa = XCBuildConfiguration;
			buildSettings = {
				BUNDLE_LOADER = "$(TEST_HOST)";
				CODE_SIGN_STYLE = Automatic;
				CURRENT_PROJECT_VERSION = 1;
				GENERATE_INFOPLIST_FILE = YES;
				IPHONEOS_DEPLOYMENT_TARGET = 18.0;
				MARKETING_VERSION = 1.0;
				PRODUCT_BUNDLE_IDENTIFIER = "com.tong.-A2BTests";
				PRODUCT_NAME = "$(TARGET_NAME)";
				SWIFT_EMIT_LOC_STRINGS = NO;
				SWIFT_VERSION = 5.0;
				TARGETED_DEVICE_FAMILY = "1,2";
				TEST_HOST = "$(BUILT_PRODUCTS_DIR)/1A2B.app/$(BUNDLE_EXECUTABLE_FOLDER_PATH)/1A2B";
			};
			name = Release;
		};
		E5F6A3022CBA5A4600F126F9 /* Debug */ = {
			isa = XCBuildConfiguration;
			buildSettings = {
				CODE_SIGN_STYLE = Automatic;
				CURRENT_PROJECT_VERSION = 1;
				GENERATE_INFOPLIST_FILE = YES;
				MARKETING_VERSION = 1.0;
				PRODUCT_BUNDLE_IDENTIFIER = "com.tong.-A2BUITests";
				PRODUCT_NAME = "$(TARGET_NAME)";
				SWIFT_EMIT_LOC_STRINGS = NO;
				SWIFT_VERSION = 5.0;
				TARGETED_DEVICE_FAMILY = "1,2";
				TEST_TARGET_NAME = 1A2B;
			};
			name = Debug;
		};
		E5F6A3032CBA5A4600F126F9 /* Release */ = {
			isa = XCBuildConfiguration;
			buildSettings = {
				CODE_SIGN_STYLE = Automatic;
				CURRENT_PROJECT_VERSION = 1;
				GENERATE_INFOPLIST_FILE = YES;
				MARKETING_VERSION = 1.0;
				PRODUCT_BUNDLE_IDENTIFIER = "com.tong.-A2BUITests";
				PRODUCT_NAME = "$(TARGET_NAME)";
				SWIFT_EMIT_LOC_STRINGS = NO;
				SWIFT_VERSION = 5.0;
				TARGETED_DEVICE_FAMILY = "1,2";
				TEST_TARGET_NAME = 1A2B;
			};
			name = Release;
		};
/* End XCBuildConfiguration section */

/* Begin XCConfigurationList section */
		E5F6A2CB2CBA5A4400F126F9 /* Build configuration list for PBXProject "1A2B" */ = {
			isa = XCConfigurationList;
			buildConfigurations = (
				E5F6A2FC2CBA5A4600F126F9 /* Debug */,
				E5F6A2FD2CBA5A4600F126F9 /* Release */,
			);
			defaultConfigurationIsVisible = 0;
			defaultConfigurationName = Release;
		};
		E5F6A2F92CBA5A4600F126F9 /* Build configuration list for PBXNativeTarget "1A2B" */ = {
			isa = XCConfigurationList;
			buildConfigurations = (
				E5F6A2FA2CBA5A4600F126F9 /* Debug */,
				E5F6A2FB2CBA5A4600F126F9 /* Release */,
			);
			defaultConfigurationIsVisible = 0;
			defaultConfigurationName = Release;
		};
		E5F6A2FE2CBA5A4600F126F9 /* Build configuration list for PBXNativeTarget "1A2BTests" */ = {
			isa = XCConfigurationList;
			buildConfigurations = (
				E5F6A2FF2CBA5A4600F126F9 /* Debug */,
				E5F6A3002CBA5A4600F126F9 /* Release */,
			);
			defaultConfigurationIsVisible = 0;
			defaultConfigurationName = Release;
		};
		E5F6A3012CBA5A4600F126F9 /* Build configuration list for PBXNativeTarget "1A2BUITests" */ = {
			isa = XCConfigurationList;
			buildConfigurations = (
				E5F6A3022CBA5A4600F126F9 /* Debug */,
				E5F6A3032CBA5A4600F126F9 /* Release */,
			);
			defaultConfigurationIsVisible = 0;
			defaultConfigurationName = Release;
		};
/* End XCConfigurationList section */
	};
	rootObject = E5F6A2C82CBA5A4400F126F9 /* Project object */;
}
